{
  "name": "reactjit",
  "version": "0.1.0",
  "lockfileVersion": 3,
  "requires": true,
  "packages": {
    "": {
      "name": "reactjit",
      "version": "0.1.0",
      "workspaces": [
        "packages/core",
        "packages/renderer",
        "packages/router",
        "packages/storage",
        "packages/audio",
        "packages/ai",
        "packages/3d",
        "packages/theme",
        "packages/controls",
        "packages/geo",
        "packages/geo3d",
        "packages/layouts",
        "packages/terminal",
        "packages/icons",
        "packages/math",
        "packages/time",
        "packages/convert",
        "packages/privacy",
        "packages/physics",
        "packages/wireguard",
        "packages/imaging",
        "packages/finance",
        "packages/chemistry"
      ],
      "dependencies": {
        "@noble/ciphers": "^2.1.1",
        "@noble/curves": "^2.0.1",
        "@noble/hashes": "^2.0.1",
        "@scure/base": "^2.0.0",
        "react": "^18.3.0",
        "react-reconciler": "^0.29.0"
      },
      "devDependencies": {
        "@types/react": "^18.3.0",
        "esbuild": "^0.24.0",
        "lucide-static": "^0.575.0",
        "typescript": "^5.5.0"
      }
    },
    "node_modules/@esbuild/linux-x64": {
      "version": "0.24.2",
      "cpu": [
        "x64"
      ],
      "dev": true,
      "license": "MIT",
      "optional": true,
      "os": [
        "linux"
      ],
      "engines": {
        "node": ">=18"
      }
    },
    "node_modules/@noble/ciphers": {
      "version": "2.1.1",
      "license": "MIT",
      "engines": {
        "node": ">= 20.19.0"
      },
      "funding": {
        "url": "https://paulmillr.com/funding/"
      }
    },
    "node_modules/@noble/curves": {
      "version": "2.0.1",
      "license": "MIT",
      "dependencies": {
        "@noble/hashes": "2.0.1"
      },
      "engines": {
        "node": ">= 20.19.0"
      },
      "funding": {
        "url": "https://paulmillr.com/funding/"
      }
    },
    "node_modules/@noble/hashes": {
      "version": "2.0.1",
      "license": "MIT",
      "engines": {
        "node": ">= 20.19.0"
      },
      "funding": {
        "url": "https://paulmillr.com/funding/"
      }
    },
    "node_modules/@reactjit/3d": {
      "resolved": "packages/3d",
      "link": true
    },
    "node_modules/@reactjit/ai": {
      "resolved": "packages/ai",
      "link": true
    },
    "node_modules/@reactjit/audio": {
      "resolved": "packages/audio",
      "link": true
    },
    "node_modules/@reactjit/chemistry": {
      "resolved": "packages/chemistry",
      "link": true
    },
    "node_modules/@reactjit/controls": {
      "resolved": "packages/controls",
      "link": true
    },
    "node_modules/@reactjit/convert": {
      "resolved": "packages/convert",
      "link": true
    },
    "node_modules/@reactjit/core": {
      "resolved": "packages/core",
      "link": true
    },
    "node_modules/@reactjit/finance": {
      "resolved": "packages/finance",
      "link": true
    },
    "node_modules/@reactjit/geo": {
      "resolved": "packages/geo",
      "link": true
    },
    "node_modules/@reactjit/geo3d": {
      "resolved": "packages/geo3d",
      "link": true
    },
    "node_modules/@reactjit/icons": {
      "resolved": "packages/icons",
      "link": true
    },
    "node_modules/@reactjit/imaging": {
      "resolved": "packages/imaging",
      "link": true
    },
    "node_modules/@reactjit/layouts": {
      "resolved": "packages/layouts",
      "link": true
    },
    "node_modules/@reactjit/math": {
      "resolved": "packages/math",
      "link": true
    },
    "node_modules/@reactjit/physics": {
      "resolved": "packages/physics",
      "link": true
    },
    "node_modules/@reactjit/privacy": {
      "resolved": "packages/privacy",
      "link": true
    },
    "node_modules/@reactjit/renderer": {
      "resolved": "packages/renderer",
      "link": true
    },
    "node_modules/@reactjit/router": {
      "resolved": "packages/router",
      "link": true
    },
    "node_modules/@reactjit/storage": {
      "resolved": "packages/storage",
      "link": true
    },
    "node_modules/@reactjit/terminal": {
      "resolved": "packages/terminal",
      "link": true
    },
    "node_modules/@reactjit/theme": {
      "resolved": "packages/theme",
      "link": true
    },
    "node_modules/@reactjit/time": {
      "resolved": "packages/time",
      "link": true
    },
    "node_modules/@reactjit/wireguard": {
      "resolved": "packages/wireguard",
      "link": true
    },
    "node_modules/@scure/base": {
      "version": "2.0.0",
      "license": "MIT",
      "funding": {
        "url": "https://paulmillr.com/funding/"
      }
    },
    "node_modules/@types/prop-types": {
      "version": "15.7.15",
      "dev": true,
      "license": "MIT"
    },
    "node_modules/@types/react": {
      "version": "18.3.28",
      "dev": true,
      "license": "MIT",
      "dependencies": {
        "@types/prop-types": "*",
        "csstype": "^3.2.2"
      }
    },
    "node_modules/csstype": {
      "version": "3.2.3",
      "dev": true,
      "license": "MIT"
    },
    "node_modules/esbuild": {
      "version": "0.24.2",
      "dev": true,
      "hasInstallScript": true,
      "license": "MIT",
      "bin": {
        "esbuild": "bin/esbuild"
      },
      "engines": {
        "node": ">=18"
      },
      "optionalDependencies": {
        "@esbuild/aix-ppc64": "0.24.2",
        "@esbuild/android-arm": "0.24.2",
        "@esbuild/android-arm64": "0.24.2",
        "@esbuild/android-x64": "0.24.2",
        "@esbuild/darwin-arm64": "0.24.2",
        "@esbuild/darwin-x64": "0.24.2",
        "@esbuild/freebsd-arm64": "0.24.2",
        "@esbuild/freebsd-x64": "0.24.2",
        "@esbuild/linux-arm": "0.24.2",
        "@esbuild/linux-arm64": "0.24.2",
        "@esbuild/linux-ia32": "0.24.2",
        "@esbuild/linux-loong64": "0.24.2",
        "@esbuild/linux-mips64el": "0.24.2",
        "@esbuild/linux-ppc64": "0.24.2",
        "@esbuild/linux-riscv64": "0.24.2",
        "@esbuild/linux-s390x": "0.24.2",
        "@esbuild/linux-x64": "0.24.2",
        "@esbuild/netbsd-arm64": "0.24.2",
        "@esbuild/netbsd-x64": "0.24.2",
        "@esbuild/openbsd-arm64": "0.24.2",
        "@esbuild/openbsd-x64": "0.24.2",
        "@esbuild/sunos-x64": "0.24.2",
        "@esbuild/win32-arm64": "0.24.2",
        "@esbuild/win32-ia32": "0.24.2",
        "@esbuild/win32-x64": "0.24.2"
      }
    },
    "node_modules/js-tokens": {
      "version": "4.0.0",
      "license": "MIT"
    },
    "node_modules/loose-envify": {
      "version": "1.4.0",
      "license": "MIT",
      "dependencies": {
        "js-tokens": "^3.0.0 || ^4.0.0"
      },
      "bin": {
        "loose-envify": "cli.js"
      }
    },
    "node_modules/lucide-static": {
      "version": "0.575.0",
      "resolved": "https://registry.npmjs.org/lucide-static/-/lucide-static-0.575.0.tgz",
      "integrity": "sha512-XbHfIufz9ZDW6iLjUphffUmcEWg6gLjufIQOb6heDjYZCRk+ePRbkp8Ax/Rq3Ek4OkT8tyBO/gTCOPDvFMuC4w==",
      "dev": true,
      "license": "ISC"
    },
    "node_modules/react": {
      "version": "18.3.1",
      "license": "MIT",
      "dependencies": {
        "loose-envify": "^1.1.0"
      },
      "engines": {
        "node": ">=0.10.0"
      }
    },
    "node_modules/react-reconciler": {
      "version": "0.29.2",
      "license": "MIT",
      "dependencies": {
        "loose-envify": "^1.1.0",
        "scheduler": "^0.23.2"
      },
      "engines": {
        "node": ">=0.10.0"
      },
      "peerDependencies": {
        "react": "^18.3.1"
      }
    },
    "node_modules/scheduler": {
      "version": "0.23.2",
      "license": "MIT",
      "dependencies": {
        "loose-envify": "^1.1.0"
      }
    },
    "node_modules/typescript": {
      "version": "5.9.3",
      "dev": true,
      "license": "Apache-2.0",
      "bin": {
        "tsc": "bin/tsc",
        "tsserver": "bin/tsserver"
      },
      "engines": {
        "node": ">=14.17"
      }
    },
    "packages/3d": {
      "name": "@reactjit/3d",
      "version": "0.1.0",
      "dependencies": {
        "@reactjit/core": "*"
      },
      "peerDependencies": {
        "react": "^18.3.0"
      }
    },
    "packages/ai": {
      "name": "@reactjit/ai",
      "version": "0.1.0",
      "peerDependencies": {
        "react": "^18.3.0"
      }
    },
    "packages/audio": {
      "name": "@reactjit/audio",
      "version": "0.1.0",
      "peerDependencies": {
        "react": "^18.3.0"
      }
    },
    "packages/chemistry": {
      "name": "@reactjit/chemistry",
      "version": "0.1.0",
      "dependencies": {
        "@reactjit/convert": "*",
        "@reactjit/core": "*",
        "@reactjit/math": "*",
        "@reactjit/theme": "*"
      },
      "peerDependencies": {
        "react": "^18.3.0"
      }
    },
    "packages/controls": {
      "name": "@reactjit/controls",
      "version": "0.1.0",
      "peerDependencies": {
        "react": "^18.3.0"
      }
    },
    "packages/convert": {
      "name": "@reactjit/convert",
      "version": "0.1.0",
      "peerDependencies": {
        "react": "^18.3.0"
      }
    },
    "packages/core": {
      "name": "@reactjit/core",
      "version": "0.1.0",
      "peerDependencies": {
        "react": "^18.3.0"
      }
    },
    "packages/finance": {
      "name": "@reactjit/finance",
      "version": "0.1.0",
      "peerDependencies": {
        "react": "^18.3.0"
      }
    },
    "packages/geo": {
      "name": "@reactjit/geo",
      "version": "0.1.0",
      "dependencies": {
        "@reactjit/core": "*"
      },
      "peerDependencies": {
        "react": "^18.3.0"
      }
    },
    "packages/geo3d": {
      "name": "@reactjit/geo3d",
      "version": "0.1.0",
      "dependencies": {
        "@reactjit/core": "*",
        "@reactjit/geo": "*"
      },
      "peerDependencies": {
        "react": "^18.3.0"
      }
    },
    "packages/icons": {
      "name": "@reactjit/icons",
      "version": "0.1.0",
      "dependencies": {
        "@reactjit/core": "*"
      },
      "peerDependencies": {
        "react": "^18.3.0"
      }
    },
    "packages/imaging": {
      "name": "@reactjit/imaging",
      "version": "0.1.0",
      "peerDependencies": {
        "react": "^18.3.0"
      }
    },
    "packages/layouts": {
      "name": "@reactjit/layouts",
      "version": "0.1.0",
      "peerDependencies": {
        "@reactjit/core": "*",
        "react": "^18.3.0"
      }
    },
    "packages/math": {
      "name": "@reactjit/math",
      "version": "0.1.0",
      "peerDependencies": {
        "react": "^18.3.0"
      }
    },
    "packages/physics": {
      "name": "@reactjit/physics",
      "version": "0.1.0",
      "dependencies": {
        "@reactjit/core": "*"
      },
      "peerDependencies": {
        "react": "^18.3.0"
      }
    },
    "packages/privacy": {
      "name": "@reactjit/privacy",
      "version": "0.1.0",
      "peerDependencies": {
        "react": "^18.3.0"
      }
    },
    "packages/renderer": {
      "name": "@reactjit/renderer",
      "version": "0.1.0",
      "dependencies": {
        "@reactjit/core": "*"
      },
      "peerDependencies": {
        "react": "^18.3.0",
        "react-reconciler": "^0.29.0"
      }
    },
    "packages/router": {
      "name": "@reactjit/router",
      "version": "0.1.0",
      "peerDependencies": {
        "react": "^18.3.0"
      }
    },
    "packages/storage": {
      "name": "@reactjit/storage",
      "version": "0.1.0",
      "peerDependencies": {
        "react": "^18.3.0"
      }
    },
    "packages/terminal": {
      "name": "@reactjit/terminal",
      "version": "0.1.0",
      "peerDependencies": {
        "@reactjit/core": "*",
        "react": "^18.3.0"
      }
    },
    "packages/theme": {
      "name": "@reactjit/theme",
      "version": "0.1.0",
      "dependencies": {
        "@reactjit/core": "*"
      },
      "peerDependencies": {
        "react": "^18.3.0"
      }
    },
    "packages/time": {
      "name": "@reactjit/time",
      "version": "0.1.0",
      "peerDependencies": {
        "react": "^18.3.0"
      }
    },
    "packages/wireguard": {
      "name": "@reactjit/wireguard",
      "version": "0.1.0",
      "peerDependencies": {
        "react": "^18.3.0"
      }
    }
  }
}
